
Microsoft Visual Studio Solution File, Format Version 12.00
# Visual Studio Version 16
VisualStudioVersion = 16.0.29418.71
MinimumVisualStudioVersion = 10.0.40219.1
Project("{FAE04EC0-301F-11D3-BF4B-00C04F79EFBC}") = "Owen", "Owen\Owen.csproj", "{0090BEF0-1BB4-4B21-9875-3CA61A871C7A}"
EndProject
Global
	GlobalSection(SolutionConfigurationPlatforms) = preSolution
		Debug|Any CPU = Debug|Any CPU
		Release|Any CPU = Release|Any CPU
	EndGlobalSection
	GlobalSection(ProjectConfigurationPlatforms) = postSolution
		{0090BEF0-1BB4-4B21-9875-3CA61A871C7A}.Debug|Any CPU.ActiveCfg = Debug|Any CPU
		{0090BEF0-1BB4-4B21-9875-3CA61A871C7A}.Debug|Any CPU.Build.0 = Debug|Any CPU
		{0090BEF0-1BB4-4B21-9875-3CA61A871C7A}.Release|Any CPU.ActiveCfg = Release|Any CPU
		{0090BEF0-1BB4-4B21-9875-3CA61A871C7A}.Release|Any CPU.Build.0 = Release|Any CPU
	EndGlobalSection
	GlobalSection(SolutionProperties) = preSolution
		HideSolutionNode = FALSE
	EndGlobalSection
	GlobalSection(ExtensibilityGlobals) = postSolution
		SolutionGuid = {61B688F0-B5CD-40DA-BF56-0AA2720888E6}
	EndGlobalSection
EndGlobal
